
Microsoft Visual Studio Solution File, Format Version 12.00
# Visual Studio Version 16
VisualStudioVersion = 16.0.30717.126
MinimumVisualStudioVersion = 10.0.40219.1
Project("{FAE04EC0-301F-11D3-BF4B-00C04F79EFBC}") = "UniversityManager", "UniversityManager\UniversityManager.csproj", "{C1648188-C70E-4A8D-9E13-4A629C130221}"
EndProject
Global
	GlobalSection(SolutionConfigurationPlatforms) = preSolution
		Debug|Any CPU = Debug|Any CPU
		Release|Any CPU = Release|Any CPU
	EndGlobalSection
	GlobalSection(ProjectConfigurationPlatforms) = postSolution
		{C1648188-C70E-4A8D-9E13-4A629C130221}.Debug|Any CPU.ActiveCfg = Debug|Any CPU
		{C1648188-C70E-4A8D-9E13-4A629C130221}.Debug|Any CPU.Build.0 = Debug|Any CPU
		{C1648188-C70E-4A8D-9E13-4A629C130221}.Release|Any CPU.ActiveCfg = Release|Any CPU
		{C1648188-C70E-4A8D-9E13-4A629C130221}.Release|Any CPU.Build.0 = Release|Any CPU
	EndGlobalSection
	GlobalSection(SolutionProperties) = preSolution
		HideSolutionNode = FALSE
	EndGlobalSection
	GlobalSection(ExtensibilityGlobals) = postSolution
		SolutionGuid = {D84564A8-5125-4E32-A5F4-81A66226513A}
	EndGlobalSection
EndGlobal
